{
  "name": "own-npm",
  "version": "1.0.0",
  "lockfileVersion": 1,
  "requires": true,
  "dependencies": {
    "really-really-fancy-text": {
      "version": "0.1.0",
      "resolved": "https://registry.npmjs.org/really-really-fancy-text/-/really-really-fancy-text-0.1.0.tgz",
      "integrity": "sha512-+12j+mPDPKnL2Cq5VEndjCvmtazslXGEM/NmmnsUBiO9RZLWjr51guP7GLbeHhxjLUWBuRm3sgF6zu/AA1NCwg=="
    }
  }
}
